
Microsoft Visual Studio Solution File, Format Version 12.00
# Visual Studio Version 17
VisualStudioVersion = 17.8.34525.116
MinimumVisualStudioVersion = 10.0.40219.1
Project("{FAE04EC0-301F-11D3-BF4B-00C04F79EFBC}") = "Week6StringsAndArrays", "Week6StringsAndArrays\Week6StringsAndArrays.csproj", "{BA2D2669-2292-4A1E-AC65-0ECD8CC0B362}"
EndProject
Project("{FAE04EC0-301F-11D3-BF4B-00C04F79EFBC}") = "Arrays", "Arrays\Arrays.csproj", "{5BA172B1-EBAB-4CA6-88E3-09C102730137}"
EndProject
Project("{FAE04EC0-301F-11D3-BF4B-00C04F79EFBC}") = "NumberArrays", "NumberArrays\NumberArrays.csproj", "{4B1D215D-413A-496E-9BAE-D76A1C441780}"
EndProject
Project("{FAE04EC0-301F-11D3-BF4B-00C04F79EFBC}") = "RandomElement", "RandomElement\RandomElement.csproj", "{328DD493-1A73-451D-86B6-CEAD5325C778}"
EndProject
Global
	GlobalSection(SolutionConfigurationPlatforms) = preSolution
		Debug|Any CPU = Debug|Any CPU
		Release|Any CPU = Release|Any CPU
	EndGlobalSection
	GlobalSection(ProjectConfigurationPlatforms) = postSolution
		{BA2D2669-2292-4A1E-AC65-0ECD8CC0B362}.Debug|Any CPU.ActiveCfg = Debug|Any CPU
		{BA2D2669-2292-4A1E-AC65-0ECD8CC0B362}.Debug|Any CPU.Build.0 = Debug|Any CPU
		{BA2D2669-2292-4A1E-AC65-0ECD8CC0B362}.Release|Any CPU.ActiveCfg = Release|Any CPU
		{BA2D2669-2292-4A1E-AC65-0ECD8CC0B362}.Release|Any CPU.Build.0 = Release|Any CPU
		{5BA172B1-EBAB-4CA6-88E3-09C102730137}.Debug|Any CPU.ActiveCfg = Debug|Any CPU
		{5BA172B1-EBAB-4CA6-88E3-09C102730137}.Debug|Any CPU.Build.0 = Debug|Any CPU
		{5BA172B1-EBAB-4CA6-88E3-09C102730137}.Release|Any CPU.ActiveCfg = Release|Any CPU
		{5BA172B1-EBAB-4CA6-88E3-09C102730137}.Release|Any CPU.Build.0 = Release|Any CPU
		{4B1D215D-413A-496E-9BAE-D76A1C441780}.Debug|Any CPU.ActiveCfg = Debug|Any CPU
		{4B1D215D-413A-496E-9BAE-D76A1C441780}.Debug|Any CPU.Build.0 = Debug|Any CPU
		{4B1D215D-413A-496E-9BAE-D76A1C441780}.Release|Any CPU.ActiveCfg = Release|Any CPU
		{4B1D215D-413A-496E-9BAE-D76A1C441780}.Release|Any CPU.Build.0 = Release|Any CPU
		{328DD493-1A73-451D-86B6-CEAD5325C778}.Debug|Any CPU.ActiveCfg = Debug|Any CPU
		{328DD493-1A73-451D-86B6-CEAD5325C778}.Debug|Any CPU.Build.0 = Debug|Any CPU
		{328DD493-1A73-451D-86B6-CEAD5325C778}.Release|Any CPU.ActiveCfg = Release|Any CPU
		{328DD493-1A73-451D-86B6-CEAD5325C778}.Release|Any CPU.Build.0 = Release|Any CPU
	EndGlobalSection
	GlobalSection(SolutionProperties) = preSolution
		HideSolutionNode = FALSE
	EndGlobalSection
	GlobalSection(ExtensibilityGlobals) = postSolution
		SolutionGuid = {8B427A8A-DADC-469C-AB2B-5089E2369659}
	EndGlobalSection
EndGlobal
